{
  "version": "5",
  "specifiers": {
    "jsr:@b-fuze/deno-dom@~0.1.56": "0.1.56",
    "jsr:@std/assert@^1.0.15": "1.0.15",
    "jsr:@std/dotenv@*": "0.225.5",
    "jsr:@std/dotenv@~0.225.5": "0.225.5",
    "jsr:@std/internal@^1.0.12": "1.0.12",
    "npm:@types/node@*": "24.2.0",
    "npm:ts-punycode@0.1": "0.1.0"
  },
  "jsr": {
    "@b-fuze/deno-dom@0.1.56": {
      "integrity": "8030e2dc1d8750f1682b53462ab893d9c3470f2287feecbe22f44a88c54ab148"
    },
    "@std/assert@1.0.15": {
      "integrity": "d64018e951dbdfab9777335ecdb000c0b4e3df036984083be219ce5941e4703b",
      "dependencies": [
        "jsr:@std/internal"
      ]
    },
    "@std/dotenv@0.225.5": {
      "integrity": "9ce6f9d0ec3311f74a32535aa1b8c62ed88b1ab91b7f0815797d77a6f60c922f"
    },
    "@std/internal@1.0.12": {
      "integrity": "972a634fd5bc34b242024402972cd5143eac68d8dffaca5eaa4dba30ce17b027"
    }
  },
  "npm": {
    "@types/node@24.2.0": {
      "integrity": "sha512-3xyG3pMCq3oYCNg7/ZP+E1ooTaGB4cG8JWRsqqOYQdbWNY4zbaV0Ennrd7stjiJEFZCaybcIgpTjJWHRfBSIDw==",
      "dependencies": [
        "undici-types"
      ]
    },
    "ts-punycode@0.1.0": {
      "integrity": "sha512-e1OQlzExOzqy+MR1myuAsrx7YkWbQNW1l2SHtkqK3G4F4vm/61IEI3Hvwh3jgCLKho5lDBwJhcAQLkoKVIDj0Q==",
      "bin": true
    },
    "undici-types@7.10.0": {
      "integrity": "sha512-t5Fy/nfn+14LuOc2KNYg75vZqClpAiqscVvMygNnlsHBFpSXdJaYtXMcdNLpl/Qvc3P2cB3s6lOV51nqsFq4ag=="
    }
  },
  "redirects": {
    "https://esm.town/v/std/API_URL": "https://esm.town/v/std/API_URL?v=5",
    "https://esm.town/v/std/ValTownBlobError": "https://esm.town/v/std/ValTownBlobError?v=2",
    "https://esm.town/v/std/ValTownBlobNotFoundError": "https://esm.town/v/std/ValTownBlobNotFoundError?v=2",
    "https://esm.town/v/std/blob": "https://esm.town/v/std/blob?v=13"
  },
  "remote": {
    "https://esm.town/v/std/API_URL?v=5": "46109f905a50e32281d3ffbe7b9c8209a778290c5274d83d131fba2d26c4974d",
    "https://esm.town/v/std/ValTownBlobError?v=2": "5f078bdb92be6111fc3e039a223d2e7c606eec737fb5ba664dc9d9931edfc04e",
    "https://esm.town/v/std/ValTownBlobNotFoundError?v=2": "0f4f41f3504a33fca793e83a73f2d12de8ca5acbcc397ad8e29510d32527a6ac",
    "https://esm.town/v/std/blob?v=13": "1ddf1e6a329b18d2109333ad589ebbeef86aa6957e51bf12df48f51180067bfd"
  },
  "workspace": {
    "dependencies": [
      "jsr:@b-fuze/deno-dom@~0.1.56",
      "jsr:@cliffy/table@^1.0.0-rc.8",
      "jsr:@std/cli@^1.0.23",
      "jsr:@std/dotenv@~0.225.5",
      "npm:ts-punycode@0.1"
    ]
  }
}
